{
  "name": "graphql-ice",
  "lockfileVersion": 3,
  "requires": true,
  "packages": {
    "": {
      "workspaces": [
        "packages/*"
      ]
    },
    "node_modules/@graphql-ice/ice": {
      "resolved": "packages/ice",
      "link": true
    },
    "node_modules/dev": {
      "resolved": "packages/dev",
      "link": true
    },
    "packages/dev": {},
    "packages/ice": {
      "name": "@graphql-ice/ice"
    }
  }
}
